
Microsoft Visual Studio Solution File, Format Version 12.00
# Visual Studio Version 17
VisualStudioVersion = 17.7.34024.191
MinimumVisualStudioVersion = 10.0.40219.1
Project("{FAE04EC0-301F-11D3-BF4B-00C04F79EFBC}") = "GemHuntersAssignment2", "GemHuntersAssignment2\GemHuntersAssignment2.csproj", "{DDA7F710-2C5F-4276-807E-B8CE98323EE8}"
EndProject
Global
	GlobalSection(SolutionConfigurationPlatforms) = preSolution
		Debug|Any CPU = Debug|Any CPU
		Release|Any CPU = Release|Any CPU
	EndGlobalSection
	GlobalSection(ProjectConfigurationPlatforms) = postSolution
		{DDA7F710-2C5F-4276-807E-B8CE98323EE8}.Debug|Any CPU.ActiveCfg = Debug|Any CPU
		{DDA7F710-2C5F-4276-807E-B8CE98323EE8}.Debug|Any CPU.Build.0 = Debug|Any CPU
		{DDA7F710-2C5F-4276-807E-B8CE98323EE8}.Release|Any CPU.ActiveCfg = Release|Any CPU
		{DDA7F710-2C5F-4276-807E-B8CE98323EE8}.Release|Any CPU.Build.0 = Release|Any CPU
	EndGlobalSection
	GlobalSection(SolutionProperties) = preSolution
		HideSolutionNode = FALSE
	EndGlobalSection
	GlobalSection(ExtensibilityGlobals) = postSolution
		SolutionGuid = {E47D0E1D-9E64-4D50-9132-8FF15E081CCD}
	EndGlobalSection
EndGlobal
